{"filter":false,"title":"Gemfile.lock","tooltip":"/twitter/Gemfile.lock","undoManager":{"mark":-1,"position":-1,"stack":[]},"ace":{"folds":[],"scrolltop":0,"scrollleft":0,"selection":{"start":{"row":0,"column":0},"end":{"row":0,"column":0},"isBackwards":false},"options":{"guessTabSize":true,"useWrapMode":false,"wrapToView":true},"firstLineState":0},"timestamp":1567455636450,"hash":"79dc23edd54ac1b06b11dd83102ba81f20e54f05"}